{
  "name": "prj_fzshuzihua",
  "lockfileVersion": 2,
  "requires": true,
  "packages": {
    "": {
      "dependencies": {
        "@vue/composition-api": "^1.4.0"
      }
    },
    "node_modules/@vue/composition-api": {
      "version": "1.4.0",
      "resolved": "https://registry.npmmirror.com/@vue/composition-api/download/@vue/composition-api-1.4.0.tgz",
      "integrity": "sha512-fanqJw1cqhkfS1dcpFY52CeR0aWDBr7ub/0ObPWqMnNPdRsMi1gX04Q3aLeRtJEuVeCFewNbqvkPskkSPTVaXQ==",
      "dependencies": {
        "tslib": "^2.3.1"
      },
      "peerDependencies": {
        "vue": ">= 2.5 < 3"
      }
    },
    "node_modules/tslib": {
      "version": "2.3.1",
      "resolved": "https://registry.nlark.com/tslib/download/tslib-2.3.1.tgz",
      "integrity": "sha1-6KM1rdXOrlGqJh0ypJAVjvBC7wE="
    },
    "node_modules/vue": {
      "version": "2.6.14",
      "resolved": "https://registry.npmmirror.com/vue/download/vue-2.6.14.tgz?cache=0&sync_timestamp=1636947969556&other_urls=https%3A%2F%2Fregistry.npmmirror.com%2Fvue%2Fdownload%2Fvue-2.6.14.tgz",
      "integrity": "sha1-5RqlJQJQ1Wmj+606ilpofWA24jU=",
      "peer": true
    }
  },
  "dependencies": {
    "@vue/composition-api": {
      "version": "1.4.0",
      "resolved": "https://registry.npmmirror.com/@vue/composition-api/download/@vue/composition-api-1.4.0.tgz",
      "integrity": "sha512-fanqJw1cqhkfS1dcpFY52CeR0aWDBr7ub/0ObPWqMnNPdRsMi1gX04Q3aLeRtJEuVeCFewNbqvkPskkSPTVaXQ==",
      "requires": {
        "tslib": "^2.3.1"
      }
    },
    "tslib": {
      "version": "2.3.1",
      "resolved": "https://registry.nlark.com/tslib/download/tslib-2.3.1.tgz",
      "integrity": "sha1-6KM1rdXOrlGqJh0ypJAVjvBC7wE="
    },
    "vue": {
      "version": "2.6.14",
      "resolved": "https://registry.npmmirror.com/vue/download/vue-2.6.14.tgz?cache=0&sync_timestamp=1636947969556&other_urls=https%3A%2F%2Fregistry.npmmirror.com%2Fvue%2Fdownload%2Fvue-2.6.14.tgz",
      "integrity": "sha1-5RqlJQJQ1Wmj+606ilpofWA24jU=",
      "peer": true
    }
  }
}
